
Microsoft Visual Studio Solution File, Format Version 12.00
# Visual Studio 14
VisualStudioVersion = 14.0.23107.0
MinimumVisualStudioVersion = 10.0.40219.1
Project("{FAE04EC0-301F-11D3-BF4B-00C04F79EFBC}") = "IQVIA.Services", "IQVIATweets\IQVIA.Services.csproj", "{4CB53381-9BC8-4AEF-8ACA-7367AADDC897}"
EndProject
Project("{FAE04EC0-301F-11D3-BF4B-00C04F79EFBC}") = "IQVIA.Business", "IQVIABusiness\IQVIA.Business.csproj", "{CB6683E5-63E0-4818-8A67-8774821525F2}"
EndProject
Project("{FAE04EC0-301F-11D3-BF4B-00C04F79EFBC}") = "IQVIA.Domain", "IQVIA.Domain\IQVIA.Domain.csproj", "{D3068BBA-0749-43EF-A871-08D5B5F162EB}"
EndProject
Project("{2150E333-8FDC-42A3-9474-1A3956D46DE8}") = "Common", "Common", "{42CDFEBC-FFF9-4B43-94B5-91F8E55FCF70}"
EndProject
Project("{2150E333-8FDC-42A3-9474-1A3956D46DE8}") = "Core", "Core", "{75F23A62-F9C4-489A-AD3D-ADDDFDAE1ED5}"
EndProject
Project("{FAE04EC0-301F-11D3-BF4B-00C04F79EFBC}") = "IQVIA.UI", "IQVIA.UI\IQVIA.UI.csproj", "{460828F2-F4C5-43DE-B074-57078B7CEA37}"
EndProject
Project("{2150E333-8FDC-42A3-9474-1A3956D46DE8}") = "UI", "UI", "{57975BCC-A8A5-4D26-AFB0-B534D3CF18E4}"
EndProject
Global
	GlobalSection(SolutionConfigurationPlatforms) = preSolution
		Debug|Any CPU = Debug|Any CPU
		Release|Any CPU = Release|Any CPU
	EndGlobalSection
	GlobalSection(ProjectConfigurationPlatforms) = postSolution
		{4CB53381-9BC8-4AEF-8ACA-7367AADDC897}.Debug|Any CPU.ActiveCfg = Debug|Any CPU
		{4CB53381-9BC8-4AEF-8ACA-7367AADDC897}.Debug|Any CPU.Build.0 = Debug|Any CPU
		{4CB53381-9BC8-4AEF-8ACA-7367AADDC897}.Release|Any CPU.ActiveCfg = Release|Any CPU
		{4CB53381-9BC8-4AEF-8ACA-7367AADDC897}.Release|Any CPU.Build.0 = Release|Any CPU
		{CB6683E5-63E0-4818-8A67-8774821525F2}.Debug|Any CPU.ActiveCfg = Debug|Any CPU
		{CB6683E5-63E0-4818-8A67-8774821525F2}.Debug|Any CPU.Build.0 = Debug|Any CPU
		{CB6683E5-63E0-4818-8A67-8774821525F2}.Release|Any CPU.ActiveCfg = Release|Any CPU
		{CB6683E5-63E0-4818-8A67-8774821525F2}.Release|Any CPU.Build.0 = Release|Any CPU
		{D3068BBA-0749-43EF-A871-08D5B5F162EB}.Debug|Any CPU.ActiveCfg = Debug|Any CPU
		{D3068BBA-0749-43EF-A871-08D5B5F162EB}.Debug|Any CPU.Build.0 = Debug|Any CPU
		{D3068BBA-0749-43EF-A871-08D5B5F162EB}.Release|Any CPU.ActiveCfg = Release|Any CPU
		{D3068BBA-0749-43EF-A871-08D5B5F162EB}.Release|Any CPU.Build.0 = Release|Any CPU
		{460828F2-F4C5-43DE-B074-57078B7CEA37}.Debug|Any CPU.ActiveCfg = Debug|Any CPU
		{460828F2-F4C5-43DE-B074-57078B7CEA37}.Debug|Any CPU.Build.0 = Debug|Any CPU
		{460828F2-F4C5-43DE-B074-57078B7CEA37}.Release|Any CPU.ActiveCfg = Release|Any CPU
		{460828F2-F4C5-43DE-B074-57078B7CEA37}.Release|Any CPU.Build.0 = Release|Any CPU
	EndGlobalSection
	GlobalSection(SolutionProperties) = preSolution
		HideSolutionNode = FALSE
	EndGlobalSection
	GlobalSection(NestedProjects) = preSolution
		{4CB53381-9BC8-4AEF-8ACA-7367AADDC897} = {75F23A62-F9C4-489A-AD3D-ADDDFDAE1ED5}
		{CB6683E5-63E0-4818-8A67-8774821525F2} = {75F23A62-F9C4-489A-AD3D-ADDDFDAE1ED5}
		{D3068BBA-0749-43EF-A871-08D5B5F162EB} = {42CDFEBC-FFF9-4B43-94B5-91F8E55FCF70}
		{460828F2-F4C5-43DE-B074-57078B7CEA37} = {57975BCC-A8A5-4D26-AFB0-B534D3CF18E4}
	EndGlobalSection
EndGlobal
